# @generated by Move, please check-in and do not edit manually.

[move]
version = 3
manifest_digest = "EF42BC6D718589C585111C11D70852873053FB41A0BB9A8C258FACB3CCF4FF4F"
deps_digest = "F8BBB0CCB2491CA29A3DF03D6F92277A4F3574266507ACD77214D37ECA3F3082"
dependencies = [
  { id = "Sui", name = "Sui" },
]

[[move.package]]
id = "MoveStdlib"
source = { git = "https://github.com/MystenLabs/sui.git", rev = "framework/testnet", subdir = "crates\\sui-framework\\packages\\move-stdlib" }

[[move.package]]
id = "Sui"
source = { git = "https://github.com/MystenLabs/sui.git", rev = "framework/testnet", subdir = "crates/sui-framework/packages/sui-framework" }

dependencies = [
  { id = "MoveStdlib", name = "MoveStdlib" },
]

[move.toolchain-version]
compiler-version = "1.51.2"
edition = "2024.beta"
flavor = "sui"

[env]

[env.testnet]
chain-id = "4c78adac"
original-published-id = "0xc6f0dda2b4231ae02a6955b76ce41ef03d124070340c1a7af6f8fb789942fdb1"
latest-published-id = "0xc6f0dda2b4231ae02a6955b76ce41ef03d124070340c1a7af6f8fb789942fdb1"
published-version = "1"
